
Microsoft Visual Studio Solution File, Format Version 12.00
# Visual Studio Version 17
VisualStudioVersion = 17.0.32014.148
MinimumVisualStudioVersion = 10.0.40219.1
Project("{FAE04EC0-301F-11D3-BF4B-00C04F79EFBC}") = "SinglePageApp", "SinglePageApp\SinglePageApp.csproj", "{F509A95A-0812-4673-BFB6-1ACFA3944830}"
EndProject
Global
	GlobalSection(SolutionConfigurationPlatforms) = preSolution
		Debug|Any CPU = Debug|Any CPU
		Release|Any CPU = Release|Any CPU
	EndGlobalSection
	GlobalSection(ProjectConfigurationPlatforms) = postSolution
		{F509A95A-0812-4673-BFB6-1ACFA3944830}.Debug|Any CPU.ActiveCfg = Debug|Any CPU
		{F509A95A-0812-4673-BFB6-1ACFA3944830}.Debug|Any CPU.Build.0 = Debug|Any CPU
		{F509A95A-0812-4673-BFB6-1ACFA3944830}.Release|Any CPU.ActiveCfg = Release|Any CPU
		{F509A95A-0812-4673-BFB6-1ACFA3944830}.Release|Any CPU.Build.0 = Release|Any CPU
	EndGlobalSection
	GlobalSection(SolutionProperties) = preSolution
		HideSolutionNode = FALSE
	EndGlobalSection
	GlobalSection(ExtensibilityGlobals) = postSolution
		SolutionGuid = {DC48242F-BFE4-474C-955C-6F168E855F42}
	EndGlobalSection
EndGlobal
